
Microsoft Visual Studio Solution File, Format Version 12.00
# Visual Studio 14
VisualStudioVersion = 14.0.25123.0
MinimumVisualStudioVersion = 10.0.40219.1
Project("{FAE04EC0-301F-11D3-BF4B-00C04F79EFBC}") = "Kalitim", "24.01.2019\Kalitim.csproj", "{64FFC6B6-258A-4899-A4A9-A30F7903BD73}"
EndProject
Project("{FAE04EC0-301F-11D3-BF4B-00C04F79EFBC}") = "İnterface(Arayuz)", "İnterface(Arayuz)\İnterface(Arayuz).csproj", "{0B460DF7-B301-4479-BCE3-8B739B1DFAD0}"
EndProject
Global
	GlobalSection(SolutionConfigurationPlatforms) = preSolution
		Debug|Any CPU = Debug|Any CPU
		Release|Any CPU = Release|Any CPU
	EndGlobalSection
	GlobalSection(ProjectConfigurationPlatforms) = postSolution
		{64FFC6B6-258A-4899-A4A9-A30F7903BD73}.Debug|Any CPU.ActiveCfg = Debug|Any CPU
		{64FFC6B6-258A-4899-A4A9-A30F7903BD73}.Debug|Any CPU.Build.0 = Debug|Any CPU
		{64FFC6B6-258A-4899-A4A9-A30F7903BD73}.Release|Any CPU.ActiveCfg = Release|Any CPU
		{64FFC6B6-258A-4899-A4A9-A30F7903BD73}.Release|Any CPU.Build.0 = Release|Any CPU
		{0B460DF7-B301-4479-BCE3-8B739B1DFAD0}.Debug|Any CPU.ActiveCfg = Debug|Any CPU
		{0B460DF7-B301-4479-BCE3-8B739B1DFAD0}.Debug|Any CPU.Build.0 = Debug|Any CPU
		{0B460DF7-B301-4479-BCE3-8B739B1DFAD0}.Release|Any CPU.ActiveCfg = Release|Any CPU
		{0B460DF7-B301-4479-BCE3-8B739B1DFAD0}.Release|Any CPU.Build.0 = Release|Any CPU
	EndGlobalSection
	GlobalSection(SolutionProperties) = preSolution
		HideSolutionNode = FALSE
	EndGlobalSection
EndGlobal
