
Microsoft Visual Studio Solution File, Format Version 12.00
# Visual Studio 15
VisualStudioVersion = 15.0.28307.168
MinimumVisualStudioVersion = 10.0.40219.1
Project("{FAE04EC0-301F-11D3-BF4B-00C04F79EFBC}") = "metot-hesap makinesi(elif)", "metot-hesap makinesi(elif)\metot-hesap makinesi(elif).csproj", "{34CCE0FF-A120-4020-A2B6-7BC1F2DD8535}"
EndProject
Global
	GlobalSection(SolutionConfigurationPlatforms) = preSolution
		Debug|Any CPU = Debug|Any CPU
		Release|Any CPU = Release|Any CPU
	EndGlobalSection
	GlobalSection(ProjectConfigurationPlatforms) = postSolution
		{34CCE0FF-A120-4020-A2B6-7BC1F2DD8535}.Debug|Any CPU.ActiveCfg = Debug|Any CPU
		{34CCE0FF-A120-4020-A2B6-7BC1F2DD8535}.Debug|Any CPU.Build.0 = Debug|Any CPU
		{34CCE0FF-A120-4020-A2B6-7BC1F2DD8535}.Release|Any CPU.ActiveCfg = Release|Any CPU
		{34CCE0FF-A120-4020-A2B6-7BC1F2DD8535}.Release|Any CPU.Build.0 = Release|Any CPU
	EndGlobalSection
	GlobalSection(SolutionProperties) = preSolution
		HideSolutionNode = FALSE
	EndGlobalSection
	GlobalSection(ExtensibilityGlobals) = postSolution
		SolutionGuid = {E0D1A6DF-9342-4DDD-BB44-C2CB4F77346A}
	EndGlobalSection
EndGlobal
