
Microsoft Visual Studio Solution File, Format Version 12.00
# Visual Studio 15
VisualStudioVersion = 15.0.28307.168
MinimumVisualStudioVersion = 10.0.40219.1
Project("{FAE04EC0-301F-11D3-BF4B-00C04F79EFBC}") = "string metodlari", "string metodlari\string metodlari.csproj", "{D46BFCAA-95BD-4742-8BA0-DD1F18172929}"
EndProject
Project("{FAE04EC0-301F-11D3-BF4B-00C04F79EFBC}") = "dizi sorular", "dizi sorular\dizi sorular.csproj", "{CCC2643F-F406-4002-A8BF-55216020B8D8}"
EndProject
Project("{FAE04EC0-301F-11D3-BF4B-00C04F79EFBC}") = "Dizinin yardimci metodlari", "Dizinin yardimci metodlari\Dizinin yardimci metodlari.csproj", "{C4704508-1C62-4CAD-B763-DFA6A7225D1D}"
EndProject
Project("{FAE04EC0-301F-11D3-BF4B-00C04F79EFBC}") = "Mail dogrulama", "Mail dogrulama\Mail dogrulama.csproj", "{54F6120E-9AF7-4CEC-9BEE-6749A4A2B27F}"
EndProject
Project("{FAE04EC0-301F-11D3-BF4B-00C04F79EFBC}") = "İki boyutlu dizi", "İki boyutlu dizi\İki boyutlu dizi.csproj", "{C81E7DFE-40B3-41B9-873B-017066A258BF}"
EndProject
Global
	GlobalSection(SolutionConfigurationPlatforms) = preSolution
		Debug|Any CPU = Debug|Any CPU
		Release|Any CPU = Release|Any CPU
	EndGlobalSection
	GlobalSection(ProjectConfigurationPlatforms) = postSolution
		{D46BFCAA-95BD-4742-8BA0-DD1F18172929}.Debug|Any CPU.ActiveCfg = Debug|Any CPU
		{D46BFCAA-95BD-4742-8BA0-DD1F18172929}.Debug|Any CPU.Build.0 = Debug|Any CPU
		{D46BFCAA-95BD-4742-8BA0-DD1F18172929}.Release|Any CPU.ActiveCfg = Release|Any CPU
		{D46BFCAA-95BD-4742-8BA0-DD1F18172929}.Release|Any CPU.Build.0 = Release|Any CPU
		{CCC2643F-F406-4002-A8BF-55216020B8D8}.Debug|Any CPU.ActiveCfg = Debug|Any CPU
		{CCC2643F-F406-4002-A8BF-55216020B8D8}.Debug|Any CPU.Build.0 = Debug|Any CPU
		{CCC2643F-F406-4002-A8BF-55216020B8D8}.Release|Any CPU.ActiveCfg = Release|Any CPU
		{CCC2643F-F406-4002-A8BF-55216020B8D8}.Release|Any CPU.Build.0 = Release|Any CPU
		{C4704508-1C62-4CAD-B763-DFA6A7225D1D}.Debug|Any CPU.ActiveCfg = Debug|Any CPU
		{C4704508-1C62-4CAD-B763-DFA6A7225D1D}.Debug|Any CPU.Build.0 = Debug|Any CPU
		{C4704508-1C62-4CAD-B763-DFA6A7225D1D}.Release|Any CPU.ActiveCfg = Release|Any CPU
		{C4704508-1C62-4CAD-B763-DFA6A7225D1D}.Release|Any CPU.Build.0 = Release|Any CPU
		{54F6120E-9AF7-4CEC-9BEE-6749A4A2B27F}.Debug|Any CPU.ActiveCfg = Debug|Any CPU
		{54F6120E-9AF7-4CEC-9BEE-6749A4A2B27F}.Debug|Any CPU.Build.0 = Debug|Any CPU
		{54F6120E-9AF7-4CEC-9BEE-6749A4A2B27F}.Release|Any CPU.ActiveCfg = Release|Any CPU
		{54F6120E-9AF7-4CEC-9BEE-6749A4A2B27F}.Release|Any CPU.Build.0 = Release|Any CPU
		{C81E7DFE-40B3-41B9-873B-017066A258BF}.Debug|Any CPU.ActiveCfg = Debug|Any CPU
		{C81E7DFE-40B3-41B9-873B-017066A258BF}.Debug|Any CPU.Build.0 = Debug|Any CPU
		{C81E7DFE-40B3-41B9-873B-017066A258BF}.Release|Any CPU.ActiveCfg = Release|Any CPU
		{C81E7DFE-40B3-41B9-873B-017066A258BF}.Release|Any CPU.Build.0 = Release|Any CPU
	EndGlobalSection
	GlobalSection(SolutionProperties) = preSolution
		HideSolutionNode = FALSE
	EndGlobalSection
	GlobalSection(ExtensibilityGlobals) = postSolution
		SolutionGuid = {09E14C0B-C228-4075-8424-83907A8DEC6F}
	EndGlobalSection
EndGlobal
